
Microsoft Visual Studio Solution File, Format Version 12.00
# Visual Studio Version 17
VisualStudioVersion = 17.0.31903.59
MinimumVisualStudioVersion = 10.0.40219.1
Project("{2150E333-8FDC-42A3-9474-1A3956D46DE8}") = "src", "src", "{827E0CD3-B72D-47B6-A68D-7590B98EB39B}"
EndProject
Project("{FAE04EC0-301F-11D3-BF4B-00C04F79EFBC}") = "EcoRide.Api", "src\EcoRide.Api\EcoRide.Api.csproj", "{272F1628-E40C-4D67-A9CB-53B31AE3A940}"
EndProject
Project("{FAE04EC0-301F-11D3-BF4B-00C04F79EFBC}") = "EcoRide.BuildingBlocks.Domain", "src\BuildingBlocks\EcoRide.BuildingBlocks.Domain\EcoRide.BuildingBlocks.Domain.csproj", "{80CBD234-7910-4BBC-8A7F-37C6366533C2}"
EndProject
Project("{FAE04EC0-301F-11D3-BF4B-00C04F79EFBC}") = "EcoRide.BuildingBlocks.Application", "src\BuildingBlocks\EcoRide.BuildingBlocks.Application\EcoRide.BuildingBlocks.Application.csproj", "{655EC3B9-A177-427B-A3FD-803A60A166FB}"
EndProject
Project("{FAE04EC0-301F-11D3-BF4B-00C04F79EFBC}") = "EcoRide.BuildingBlocks.Infrastructure", "src\BuildingBlocks\EcoRide.BuildingBlocks.Infrastructure\EcoRide.BuildingBlocks.Infrastructure.csproj", "{B5C3B3D9-3866-4FF3-9C3A-2A4067396D23}"
EndProject
Project("{FAE04EC0-301F-11D3-BF4B-00C04F79EFBC}") = "EcoRide.BuildingBlocks.EventSourcing", "src\BuildingBlocks\EcoRide.BuildingBlocks.EventSourcing\EcoRide.BuildingBlocks.EventSourcing.csproj", "{7D1D016E-CD23-45F1-803E-330D428A8B49}"
EndProject
Project("{FAE04EC0-301F-11D3-BF4B-00C04F79EFBC}") = "EcoRide.Modules.Security", "src\Modules\Security\EcoRide.Modules.Security\EcoRide.Modules.Security.csproj", "{48CC7E23-B3C2-4A1C-940A-104E6F68F15B}"
EndProject
Project("{FAE04EC0-301F-11D3-BF4B-00C04F79EFBC}") = "EcoRide.Modules.Fleet", "src\Modules\Fleet\EcoRide.Modules.Fleet\EcoRide.Modules.Fleet.csproj", "{22111F6E-3D9B-4014-983F-5E0DC4E7DC16}"
EndProject
Project("{FAE04EC0-301F-11D3-BF4B-00C04F79EFBC}") = "EcoRide.Modules.Trip", "src\Modules\Trip\EcoRide.Modules.Trip\EcoRide.Modules.Trip.csproj", "{3680288F-6612-4C25-984A-3FFEC32045FF}"
EndProject
Project("{FAE04EC0-301F-11D3-BF4B-00C04F79EFBC}") = "EcoRide.Modules.Payment", "src\Modules\Payment\EcoRide.Modules.Payment\EcoRide.Modules.Payment.csproj", "{3D1C0B4F-7D80-45E1-92BB-BA988739E2F8}"
EndProject
Project("{FAE04EC0-301F-11D3-BF4B-00C04F79EFBC}") = "EcoRide.Shared", "src\Shared\EcoRide.Shared\EcoRide.Shared.csproj", "{935604F1-9113-4791-B3E8-6C8DD8AC4D92}"
EndProject
Project("{FAE04EC0-301F-11D3-BF4B-00C04F79EFBC}") = "EcoRide.UnitTests", "tests\EcoRide.UnitTests\EcoRide.UnitTests.csproj", "{97751C75-C4D0-431C-9E2A-7C93FA2C38C0}"
EndProject
Project("{FAE04EC0-301F-11D3-BF4B-00C04F79EFBC}") = "EcoRide.IntegrationTests", "tests\EcoRide.IntegrationTests\EcoRide.IntegrationTests.csproj", "{223D31EC-511B-4F6A-A846-08371059DB0A}"
EndProject
Global
	GlobalSection(SolutionConfigurationPlatforms) = preSolution
		Debug|Any CPU = Debug|Any CPU
		Debug|x64 = Debug|x64
		Debug|x86 = Debug|x86
		Release|Any CPU = Release|Any CPU
		Release|x64 = Release|x64
		Release|x86 = Release|x86
	EndGlobalSection
	GlobalSection(ProjectConfigurationPlatforms) = postSolution
		{272F1628-E40C-4D67-A9CB-53B31AE3A940}.Debug|Any CPU.ActiveCfg = Debug|Any CPU
		{272F1628-E40C-4D67-A9CB-53B31AE3A940}.Debug|Any CPU.Build.0 = Debug|Any CPU
		{272F1628-E40C-4D67-A9CB-53B31AE3A940}.Debug|x64.ActiveCfg = Debug|Any CPU
		{272F1628-E40C-4D67-A9CB-53B31AE3A940}.Debug|x64.Build.0 = Debug|Any CPU
		{272F1628-E40C-4D67-A9CB-53B31AE3A940}.Debug|x86.ActiveCfg = Debug|Any CPU
		{272F1628-E40C-4D67-A9CB-53B31AE3A940}.Debug|x86.Build.0 = Debug|Any CPU
		{272F1628-E40C-4D67-A9CB-53B31AE3A940}.Release|Any CPU.ActiveCfg = Release|Any CPU
		{272F1628-E40C-4D67-A9CB-53B31AE3A940}.Release|Any CPU.Build.0 = Release|Any CPU
		{272F1628-E40C-4D67-A9CB-53B31AE3A940}.Release|x64.ActiveCfg = Release|Any CPU
		{272F1628-E40C-4D67-A9CB-53B31AE3A940}.Release|x64.Build.0 = Release|Any CPU
		{272F1628-E40C-4D67-A9CB-53B31AE3A940}.Release|x86.ActiveCfg = Release|Any CPU
		{272F1628-E40C-4D67-A9CB-53B31AE3A940}.Release|x86.Build.0 = Release|Any CPU
		{80CBD234-7910-4BBC-8A7F-37C6366533C2}.Debug|Any CPU.ActiveCfg = Debug|Any CPU
		{80CBD234-7910-4BBC-8A7F-37C6366533C2}.Debug|Any CPU.Build.0 = Debug|Any CPU
		{80CBD234-7910-4BBC-8A7F-37C6366533C2}.Debug|x64.ActiveCfg = Debug|Any CPU
		{80CBD234-7910-4BBC-8A7F-37C6366533C2}.Debug|x64.Build.0 = Debug|Any CPU
		{80CBD234-7910-4BBC-8A7F-37C6366533C2}.Debug|x86.ActiveCfg = Debug|Any CPU
		{80CBD234-7910-4BBC-8A7F-37C6366533C2}.Debug|x86.Build.0 = Debug|Any CPU
		{80CBD234-7910-4BBC-8A7F-37C6366533C2}.Release|Any CPU.ActiveCfg = Release|Any CPU
		{80CBD234-7910-4BBC-8A7F-37C6366533C2}.Release|Any CPU.Build.0 = Release|Any CPU
		{80CBD234-7910-4BBC-8A7F-37C6366533C2}.Release|x64.ActiveCfg = Release|Any CPU
		{80CBD234-7910-4BBC-8A7F-37C6366533C2}.Release|x64.Build.0 = Release|Any CPU
		{80CBD234-7910-4BBC-8A7F-37C6366533C2}.Release|x86.ActiveCfg = Release|Any CPU
		{80CBD234-7910-4BBC-8A7F-37C6366533C2}.Release|x86.Build.0 = Release|Any CPU
		{655EC3B9-A177-427B-A3FD-803A60A166FB}.Debug|Any CPU.ActiveCfg = Debug|Any CPU
		{655EC3B9-A177-427B-A3FD-803A60A166FB}.Debug|Any CPU.Build.0 = Debug|Any CPU
		{655EC3B9-A177-427B-A3FD-803A60A166FB}.Debug|x64.ActiveCfg = Debug|Any CPU
		{655EC3B9-A177-427B-A3FD-803A60A166FB}.Debug|x64.Build.0 = Debug|Any CPU
		{655EC3B9-A177-427B-A3FD-803A60A166FB}.Debug|x86.ActiveCfg = Debug|Any CPU
		{655EC3B9-A177-427B-A3FD-803A60A166FB}.Debug|x86.Build.0 = Debug|Any CPU
		{655EC3B9-A177-427B-A3FD-803A60A166FB}.Release|Any CPU.ActiveCfg = Release|Any CPU
		{655EC3B9-A177-427B-A3FD-803A60A166FB}.Release|Any CPU.Build.0 = Release|Any CPU
		{655EC3B9-A177-427B-A3FD-803A60A166FB}.Release|x64.ActiveCfg = Release|Any CPU
		{655EC3B9-A177-427B-A3FD-803A60A166FB}.Release|x64.Build.0 = Release|Any CPU
		{655EC3B9-A177-427B-A3FD-803A60A166FB}.Release|x86.ActiveCfg = Release|Any CPU
		{655EC3B9-A177-427B-A3FD-803A60A166FB}.Release|x86.Build.0 = Release|Any CPU
		{B5C3B3D9-3866-4FF3-9C3A-2A4067396D23}.Debug|Any CPU.ActiveCfg = Debug|Any CPU
		{B5C3B3D9-3866-4FF3-9C3A-2A4067396D23}.Debug|Any CPU.Build.0 = Debug|Any CPU
		{B5C3B3D9-3866-4FF3-9C3A-2A4067396D23}.Debug|x64.ActiveCfg = Debug|Any CPU
		{B5C3B3D9-3866-4FF3-9C3A-2A4067396D23}.Debug|x64.Build.0 = Debug|Any CPU
		{B5C3B3D9-3866-4FF3-9C3A-2A4067396D23}.Debug|x86.ActiveCfg = Debug|Any CPU
		{B5C3B3D9-3866-4FF3-9C3A-2A4067396D23}.Debug|x86.Build.0 = Debug|Any CPU
		{B5C3B3D9-3866-4FF3-9C3A-2A4067396D23}.Release|Any CPU.ActiveCfg = Release|Any CPU
		{B5C3B3D9-3866-4FF3-9C3A-2A4067396D23}.Release|Any CPU.Build.0 = Release|Any CPU
		{B5C3B3D9-3866-4FF3-9C3A-2A4067396D23}.Release|x64.ActiveCfg = Release|Any CPU
		{B5C3B3D9-3866-4FF3-9C3A-2A4067396D23}.Release|x64.Build.0 = Release|Any CPU
		{B5C3B3D9-3866-4FF3-9C3A-2A4067396D23}.Release|x86.ActiveCfg = Release|Any CPU
		{B5C3B3D9-3866-4FF3-9C3A-2A4067396D23}.Release|x86.Build.0 = Release|Any CPU
		{7D1D016E-CD23-45F1-803E-330D428A8B49}.Debug|Any CPU.ActiveCfg = Debug|Any CPU
		{7D1D016E-CD23-45F1-803E-330D428A8B49}.Debug|Any CPU.Build.0 = Debug|Any CPU
		{7D1D016E-CD23-45F1-803E-330D428A8B49}.Debug|x64.ActiveCfg = Debug|Any CPU
		{7D1D016E-CD23-45F1-803E-330D428A8B49}.Debug|x64.Build.0 = Debug|Any CPU
		{7D1D016E-CD23-45F1-803E-330D428A8B49}.Debug|x86.ActiveCfg = Debug|Any CPU
		{7D1D016E-CD23-45F1-803E-330D428A8B49}.Debug|x86.Build.0 = Debug|Any CPU
		{7D1D016E-CD23-45F1-803E-330D428A8B49}.Release|Any CPU.ActiveCfg = Release|Any CPU
		{7D1D016E-CD23-45F1-803E-330D428A8B49}.Release|Any CPU.Build.0 = Release|Any CPU
		{7D1D016E-CD23-45F1-803E-330D428A8B49}.Release|x64.ActiveCfg = Release|Any CPU
		{7D1D016E-CD23-45F1-803E-330D428A8B49}.Release|x64.Build.0 = Release|Any CPU
		{7D1D016E-CD23-45F1-803E-330D428A8B49}.Release|x86.ActiveCfg = Release|Any CPU
		{7D1D016E-CD23-45F1-803E-330D428A8B49}.Release|x86.Build.0 = Release|Any CPU
		{48CC7E23-B3C2-4A1C-940A-104E6F68F15B}.Debug|Any CPU.ActiveCfg = Debug|Any CPU
		{48CC7E23-B3C2-4A1C-940A-104E6F68F15B}.Debug|Any CPU.Build.0 = Debug|Any CPU
		{48CC7E23-B3C2-4A1C-940A-104E6F68F15B}.Debug|x64.ActiveCfg = Debug|Any CPU
		{48CC7E23-B3C2-4A1C-940A-104E6F68F15B}.Debug|x64.Build.0 = Debug|Any CPU
		{48CC7E23-B3C2-4A1C-940A-104E6F68F15B}.Debug|x86.ActiveCfg = Debug|Any CPU
		{48CC7E23-B3C2-4A1C-940A-104E6F68F15B}.Debug|x86.Build.0 = Debug|Any CPU
		{48CC7E23-B3C2-4A1C-940A-104E6F68F15B}.Release|Any CPU.ActiveCfg = Release|Any CPU
		{48CC7E23-B3C2-4A1C-940A-104E6F68F15B}.Release|Any CPU.Build.0 = Release|Any CPU
		{48CC7E23-B3C2-4A1C-940A-104E6F68F15B}.Release|x64.ActiveCfg = Release|Any CPU
		{48CC7E23-B3C2-4A1C-940A-104E6F68F15B}.Release|x64.Build.0 = Release|Any CPU
		{48CC7E23-B3C2-4A1C-940A-104E6F68F15B}.Release|x86.ActiveCfg = Release|Any CPU
		{48CC7E23-B3C2-4A1C-940A-104E6F68F15B}.Release|x86.Build.0 = Release|Any CPU
		{22111F6E-3D9B-4014-983F-5E0DC4E7DC16}.Debug|Any CPU.ActiveCfg = Debug|Any CPU
		{22111F6E-3D9B-4014-983F-5E0DC4E7DC16}.Debug|Any CPU.Build.0 = Debug|Any CPU
		{22111F6E-3D9B-4014-983F-5E0DC4E7DC16}.Debug|x64.ActiveCfg = Debug|Any CPU
		{22111F6E-3D9B-4014-983F-5E0DC4E7DC16}.Debug|x64.Build.0 = Debug|Any CPU
		{22111F6E-3D9B-4014-983F-5E0DC4E7DC16}.Debug|x86.ActiveCfg = Debug|Any CPU
		{22111F6E-3D9B-4014-983F-5E0DC4E7DC16}.Debug|x86.Build.0 = Debug|Any CPU
		{22111F6E-3D9B-4014-983F-5E0DC4E7DC16}.Release|Any CPU.ActiveCfg = Release|Any CPU
		{22111F6E-3D9B-4014-983F-5E0DC4E7DC16}.Release|Any CPU.Build.0 = Release|Any CPU
		{22111F6E-3D9B-4014-983F-5E0DC4E7DC16}.Release|x64.ActiveCfg = Release|Any CPU
		{22111F6E-3D9B-4014-983F-5E0DC4E7DC16}.Release|x64.Build.0 = Release|Any CPU
		{22111F6E-3D9B-4014-983F-5E0DC4E7DC16}.Release|x86.ActiveCfg = Release|Any CPU
		{22111F6E-3D9B-4014-983F-5E0DC4E7DC16}.Release|x86.Build.0 = Release|Any CPU
		{3680288F-6612-4C25-984A-3FFEC32045FF}.Debug|Any CPU.ActiveCfg = Debug|Any CPU
		{3680288F-6612-4C25-984A-3FFEC32045FF}.Debug|Any CPU.Build.0 = Debug|Any CPU
		{3680288F-6612-4C25-984A-3FFEC32045FF}.Debug|x64.ActiveCfg = Debug|Any CPU
		{3680288F-6612-4C25-984A-3FFEC32045FF}.Debug|x64.Build.0 = Debug|Any CPU
		{3680288F-6612-4C25-984A-3FFEC32045FF}.Debug|x86.ActiveCfg = Debug|Any CPU
		{3680288F-6612-4C25-984A-3FFEC32045FF}.Debug|x86.Build.0 = Debug|Any CPU
		{3680288F-6612-4C25-984A-3FFEC32045FF}.Release|Any CPU.ActiveCfg = Release|Any CPU
		{3680288F-6612-4C25-984A-3FFEC32045FF}.Release|Any CPU.Build.0 = Release|Any CPU
		{3680288F-6612-4C25-984A-3FFEC32045FF}.Release|x64.ActiveCfg = Release|Any CPU
		{3680288F-6612-4C25-984A-3FFEC32045FF}.Release|x64.Build.0 = Release|Any CPU
		{3680288F-6612-4C25-984A-3FFEC32045FF}.Release|x86.ActiveCfg = Release|Any CPU
		{3680288F-6612-4C25-984A-3FFEC32045FF}.Release|x86.Build.0 = Release|Any CPU
		{3D1C0B4F-7D80-45E1-92BB-BA988739E2F8}.Debug|Any CPU.ActiveCfg = Debug|Any CPU
		{3D1C0B4F-7D80-45E1-92BB-BA988739E2F8}.Debug|Any CPU.Build.0 = Debug|Any CPU
		{3D1C0B4F-7D80-45E1-92BB-BA988739E2F8}.Debug|x64.ActiveCfg = Debug|Any CPU
		{3D1C0B4F-7D80-45E1-92BB-BA988739E2F8}.Debug|x64.Build.0 = Debug|Any CPU
		{3D1C0B4F-7D80-45E1-92BB-BA988739E2F8}.Debug|x86.ActiveCfg = Debug|Any CPU
		{3D1C0B4F-7D80-45E1-92BB-BA988739E2F8}.Debug|x86.Build.0 = Debug|Any CPU
		{3D1C0B4F-7D80-45E1-92BB-BA988739E2F8}.Release|Any CPU.ActiveCfg = Release|Any CPU
		{3D1C0B4F-7D80-45E1-92BB-BA988739E2F8}.Release|Any CPU.Build.0 = Release|Any CPU
		{3D1C0B4F-7D80-45E1-92BB-BA988739E2F8}.Release|x64.ActiveCfg = Release|Any CPU
		{3D1C0B4F-7D80-45E1-92BB-BA988739E2F8}.Release|x64.Build.0 = Release|Any CPU
		{3D1C0B4F-7D80-45E1-92BB-BA988739E2F8}.Release|x86.ActiveCfg = Release|Any CPU
		{3D1C0B4F-7D80-45E1-92BB-BA988739E2F8}.Release|x86.Build.0 = Release|Any CPU
		{935604F1-9113-4791-B3E8-6C8DD8AC4D92}.Debug|Any CPU.ActiveCfg = Debug|Any CPU
		{935604F1-9113-4791-B3E8-6C8DD8AC4D92}.Debug|Any CPU.Build.0 = Debug|Any CPU
		{935604F1-9113-4791-B3E8-6C8DD8AC4D92}.Debug|x64.ActiveCfg = Debug|Any CPU
		{935604F1-9113-4791-B3E8-6C8DD8AC4D92}.Debug|x64.Build.0 = Debug|Any CPU
		{935604F1-9113-4791-B3E8-6C8DD8AC4D92}.Debug|x86.ActiveCfg = Debug|Any CPU
		{935604F1-9113-4791-B3E8-6C8DD8AC4D92}.Debug|x86.Build.0 = Debug|Any CPU
		{935604F1-9113-4791-B3E8-6C8DD8AC4D92}.Release|Any CPU.ActiveCfg = Release|Any CPU
		{935604F1-9113-4791-B3E8-6C8DD8AC4D92}.Release|Any CPU.Build.0 = Release|Any CPU
		{935604F1-9113-4791-B3E8-6C8DD8AC4D92}.Release|x64.ActiveCfg = Release|Any CPU
		{935604F1-9113-4791-B3E8-6C8DD8AC4D92}.Release|x64.Build.0 = Release|Any CPU
		{935604F1-9113-4791-B3E8-6C8DD8AC4D92}.Release|x86.ActiveCfg = Release|Any CPU
		{935604F1-9113-4791-B3E8-6C8DD8AC4D92}.Release|x86.Build.0 = Release|Any CPU
		{97751C75-C4D0-431C-9E2A-7C93FA2C38C0}.Debug|Any CPU.ActiveCfg = Debug|Any CPU
		{97751C75-C4D0-431C-9E2A-7C93FA2C38C0}.Debug|Any CPU.Build.0 = Debug|Any CPU
		{97751C75-C4D0-431C-9E2A-7C93FA2C38C0}.Debug|x64.ActiveCfg = Debug|Any CPU
		{97751C75-C4D0-431C-9E2A-7C93FA2C38C0}.Debug|x64.Build.0 = Debug|Any CPU
		{97751C75-C4D0-431C-9E2A-7C93FA2C38C0}.Debug|x86.ActiveCfg = Debug|Any CPU
		{97751C75-C4D0-431C-9E2A-7C93FA2C38C0}.Debug|x86.Build.0 = Debug|Any CPU
		{97751C75-C4D0-431C-9E2A-7C93FA2C38C0}.Release|Any CPU.ActiveCfg = Release|Any CPU
		{97751C75-C4D0-431C-9E2A-7C93FA2C38C0}.Release|Any CPU.Build.0 = Release|Any CPU
		{97751C75-C4D0-431C-9E2A-7C93FA2C38C0}.Release|x64.ActiveCfg = Release|Any CPU
		{97751C75-C4D0-431C-9E2A-7C93FA2C38C0}.Release|x64.Build.0 = Release|Any CPU
		{97751C75-C4D0-431C-9E2A-7C93FA2C38C0}.Release|x86.ActiveCfg = Release|Any CPU
		{97751C75-C4D0-431C-9E2A-7C93FA2C38C0}.Release|x86.Build.0 = Release|Any CPU
		{223D31EC-511B-4F6A-A846-08371059DB0A}.Debug|Any CPU.ActiveCfg = Debug|Any CPU
		{223D31EC-511B-4F6A-A846-08371059DB0A}.Debug|Any CPU.Build.0 = Debug|Any CPU
		{223D31EC-511B-4F6A-A846-08371059DB0A}.Debug|x64.ActiveCfg = Debug|Any CPU
		{223D31EC-511B-4F6A-A846-08371059DB0A}.Debug|x64.Build.0 = Debug|Any CPU
		{223D31EC-511B-4F6A-A846-08371059DB0A}.Debug|x86.ActiveCfg = Debug|Any CPU
		{223D31EC-511B-4F6A-A846-08371059DB0A}.Debug|x86.Build.0 = Debug|Any CPU
		{223D31EC-511B-4F6A-A846-08371059DB0A}.Release|Any CPU.ActiveCfg = Release|Any CPU
		{223D31EC-511B-4F6A-A846-08371059DB0A}.Release|Any CPU.Build.0 = Release|Any CPU
		{223D31EC-511B-4F6A-A846-08371059DB0A}.Release|x64.ActiveCfg = Release|Any CPU
		{223D31EC-511B-4F6A-A846-08371059DB0A}.Release|x64.Build.0 = Release|Any CPU
		{223D31EC-511B-4F6A-A846-08371059DB0A}.Release|x86.ActiveCfg = Release|Any CPU
		{223D31EC-511B-4F6A-A846-08371059DB0A}.Release|x86.Build.0 = Release|Any CPU
	EndGlobalSection
	GlobalSection(SolutionProperties) = preSolution
		HideSolutionNode = FALSE
	EndGlobalSection
	GlobalSection(NestedProjects) = preSolution
		{272F1628-E40C-4D67-A9CB-53B31AE3A940} = {827E0CD3-B72D-47B6-A68D-7590B98EB39B}
		{80CBD234-7910-4BBC-8A7F-37C6366533C2} = {827E0CD3-B72D-47B6-A68D-7590B98EB39B}
		{655EC3B9-A177-427B-A3FD-803A60A166FB} = {827E0CD3-B72D-47B6-A68D-7590B98EB39B}
		{B5C3B3D9-3866-4FF3-9C3A-2A4067396D23} = {827E0CD3-B72D-47B6-A68D-7590B98EB39B}
		{7D1D016E-CD23-45F1-803E-330D428A8B49} = {827E0CD3-B72D-47B6-A68D-7590B98EB39B}
		{48CC7E23-B3C2-4A1C-940A-104E6F68F15B} = {827E0CD3-B72D-47B6-A68D-7590B98EB39B}
		{22111F6E-3D9B-4014-983F-5E0DC4E7DC16} = {827E0CD3-B72D-47B6-A68D-7590B98EB39B}
		{3680288F-6612-4C25-984A-3FFEC32045FF} = {827E0CD3-B72D-47B6-A68D-7590B98EB39B}
		{3D1C0B4F-7D80-45E1-92BB-BA988739E2F8} = {827E0CD3-B72D-47B6-A68D-7590B98EB39B}
		{935604F1-9113-4791-B3E8-6C8DD8AC4D92} = {827E0CD3-B72D-47B6-A68D-7590B98EB39B}
		{97751C75-C4D0-431C-9E2A-7C93FA2C38C0} = {827E0CD3-B72D-47B6-A68D-7590B98EB39B}
		{223D31EC-511B-4F6A-A846-08371059DB0A} = {827E0CD3-B72D-47B6-A68D-7590B98EB39B}
	EndGlobalSection
EndGlobal
